
Microsoft Visual Studio Solution File, Format Version 12.00
# Visual Studio 15
VisualStudioVersion = 15.0.26228.12
MinimumVisualStudioVersion = 10.0.40219.1
Project("{F184B08F-C81C-45F6-A57F-5ABD9991F28F}") = "Combo Tools [ By aliilapro ]", "Combo Tools [ By aliilapro ]\Combo Tools [ By aliilapro ].vbproj", "{3DA2878F-4CA4-4C54-AD46-FAD32436C816}"
EndProject
Global
	GlobalSection(SolutionConfigurationPlatforms) = preSolution
		Debug|Any CPU = Debug|Any CPU
		Release|Any CPU = Release|Any CPU
	EndGlobalSection
	GlobalSection(ProjectConfigurationPlatforms) = postSolution
		{3DA2878F-4CA4-4C54-AD46-FAD32436C816}.Debug|Any CPU.ActiveCfg = Debug|Any CPU
		{3DA2878F-4CA4-4C54-AD46-FAD32436C816}.Debug|Any CPU.Build.0 = Debug|Any CPU
		{3DA2878F-4CA4-4C54-AD46-FAD32436C816}.Release|Any CPU.ActiveCfg = Release|Any CPU
		{3DA2878F-4CA4-4C54-AD46-FAD32436C816}.Release|Any CPU.Build.0 = Release|Any CPU
	EndGlobalSection
	GlobalSection(SolutionProperties) = preSolution
		HideSolutionNode = FALSE
	EndGlobalSection
EndGlobal
